<?xml version="1.0" encoding="utf-8"?>
<Project ToolsVersion="4.0" xmlns="http://schemas.microsoft.com/developer/msbuild/2003">
  <ItemGroup>
    <ClInclude Include="WindowsMouseManager.h" />
    <ClInclude Include="Common.h" />
    <ClInclude Include="DirectInputManager.h" />
    <ClInclude Include="Renderer.h" />
    <ClInclude Include="WasapiSoundManager.h" />
    <ClInclude Include="WindowsKeyManager.h" />
    <ClInclude Include="XInputManager.h" />
    <ClInclude Include="DirectSoundManager.h" />
    <ClInclude Include="SoundManager.h" />
  </ItemGroup>
  <ItemGroup>
    <ClCompile Include="DirectInputManager.cpp" />
    <ClCompile Include="Renderer.cpp" />
    <ClCompile Include="WasapiSoundManager.cpp" />
    <ClCompile Include="WindowsKeyManager.cpp" />
    <ClCompile Include="WindowsMouseManager.cpp" />
    <ClCompile Include="XInputManager.cpp" />
    <ClCompile Include="DirectSoundManager.cpp" />
  </ItemGroup>
</Project>